
Microsoft Visual Studio Solution File, Format Version 11.00
# Visual Studio 2010
Project("{FAE04EC0-301F-11D3-BF4B-00C04F79EFBC}") = "MentorSystem", "Assembly-CSharp.csproj", "{CBFFB01A-10EC-B915-2F7D-A80799835BBA}"
EndProject
Global
	GlobalSection(SolutionConfigurationPlatforms) = preSolution
		Debug|Any CPU = Debug|Any CPU
		Release|Any CPU = Release|Any CPU
	EndGlobalSection
	GlobalSection(ProjectConfigurationPlatforms) = postSolution
		{CBFFB01A-10EC-B915-2F7D-A80799835BBA}.Debug|Any CPU.ActiveCfg = Debug|Any CPU
		{CBFFB01A-10EC-B915-2F7D-A80799835BBA}.Debug|Any CPU.Build.0 = Debug|Any CPU
		{CBFFB01A-10EC-B915-2F7D-A80799835BBA}.Release|Any CPU.ActiveCfg = Release|Any CPU
		{CBFFB01A-10EC-B915-2F7D-A80799835BBA}.Release|Any CPU.Build.0 = Release|Any CPU
	EndGlobalSection
	GlobalSection(SolutionProperties) = preSolution
		HideSolutionNode = FALSE
	EndGlobalSection
	GlobalSection(MonoDevelopProperties) = preSolution
		StartupItem = Assembly-CSharp.csproj
	EndGlobalSection
EndGlobal
